
Microsoft Visual Studio Solution File, Format Version 12.00
# Visual Studio Version 16
VisualStudioVersion = 16.0.31205.134
MinimumVisualStudioVersion = 10.0.40219.1
Project("{FAE04EC0-301F-11D3-BF4B-00C04F79EFBC}") = "BookStoreGUI", "KSLoginPage\BookStoreGUI.csproj", "{46BC82DB-91D9-4462-A2E5-EBBE28FEEEE2}"
EndProject
Project("{FAE04EC0-301F-11D3-BF4B-00C04F79EFBC}") = "BookStoreLIB", "KSUnitTestLoginPage\BookStoreLIB.csproj", "{13B59F38-D423-4BEC-B72E-9B15927C69F8}"
EndProject
Project("{FAE04EC0-301F-11D3-BF4B-00C04F79EFBC}") = "BookStoreDAL", "BookStoreDAL\BookStoreDAL.csproj", "{3A975316-4F43-4774-8AA4-9A2FD26B0086}"
EndProject
Global
	GlobalSection(SolutionConfigurationPlatforms) = preSolution
		Debug|Any CPU = Debug|Any CPU
		Release|Any CPU = Release|Any CPU
	EndGlobalSection
	GlobalSection(ProjectConfigurationPlatforms) = postSolution
		{46BC82DB-91D9-4462-A2E5-EBBE28FEEEE2}.Debug|Any CPU.ActiveCfg = Debug|Any CPU
		{46BC82DB-91D9-4462-A2E5-EBBE28FEEEE2}.Debug|Any CPU.Build.0 = Debug|Any CPU
		{46BC82DB-91D9-4462-A2E5-EBBE28FEEEE2}.Release|Any CPU.ActiveCfg = Release|Any CPU
		{46BC82DB-91D9-4462-A2E5-EBBE28FEEEE2}.Release|Any CPU.Build.0 = Release|Any CPU
		{13B59F38-D423-4BEC-B72E-9B15927C69F8}.Debug|Any CPU.ActiveCfg = Debug|Any CPU
		{13B59F38-D423-4BEC-B72E-9B15927C69F8}.Debug|Any CPU.Build.0 = Debug|Any CPU
		{13B59F38-D423-4BEC-B72E-9B15927C69F8}.Release|Any CPU.ActiveCfg = Release|Any CPU
		{13B59F38-D423-4BEC-B72E-9B15927C69F8}.Release|Any CPU.Build.0 = Release|Any CPU
		{3A975316-4F43-4774-8AA4-9A2FD26B0086}.Debug|Any CPU.ActiveCfg = Debug|Any CPU
		{3A975316-4F43-4774-8AA4-9A2FD26B0086}.Debug|Any CPU.Build.0 = Debug|Any CPU
		{3A975316-4F43-4774-8AA4-9A2FD26B0086}.Release|Any CPU.ActiveCfg = Release|Any CPU
		{3A975316-4F43-4774-8AA4-9A2FD26B0086}.Release|Any CPU.Build.0 = Release|Any CPU
	EndGlobalSection
	GlobalSection(SolutionProperties) = preSolution
		HideSolutionNode = FALSE
	EndGlobalSection
	GlobalSection(ExtensibilityGlobals) = postSolution
		SolutionGuid = {B194A0D0-DF54-42FA-9565-C8462CD2ED23}
	EndGlobalSection
EndGlobal
